PODS:
  - WTUIColorExtensions (1.0.0)

DEPENDENCIES:
  - WTUIColorExtensions (from `../`)

EXTERNAL SOURCES:
  WTUIColorExtensions:
    :path: "../"

SPEC CHECKSUMS:
  WTUIColorExtensions: 558882c68ca5f10eb4d5cba4c174856f93239b5f

PODFILE CHECKSUM: 735cc16907814f7baacc313c637dac7ea2e2ab2f

COCOAPODS: 1.1.1
